// !$*UTF8*$!
{
	archiveVersion = 1;
	classes = {
	};
	objectVersion = 55;
	objects = {

/* Begin PBXBuildFile section */
		730D4A222765A1D800A9968E /* HomeScreen.swift in Sources */ = {isa = PBXBuildFile; fileRef = 730D4A212765A1D800A9968E /* HomeScreen.swift */; };
		730D4A242765A21B00A9968E /* SettingsScreen.swift in Sources */ = {isa = PBXBuildFile; fileRef = 730D4A232765A21B00A9968E /* SettingsScreen.swift */; };
		730D4A2E2765EE6C00A9968E /* TabBarIcon.swift in Sources */ = {isa = PBXBuildFile; fileRef = 730D4A2D2765EE6C00A9968E /* TabBarIcon.swift */; };
		730D4A3227660BDF00A9968E /* ViewRouter.swift in Sources */ = {isa = PBXBuildFile; fileRef = 730D4A3127660BDF00A9968E /* ViewRouter.swift */; };
		736A1C262764DC100049B882 /* TimePointApp.swift in Sources */ = {isa = PBXBuildFile; fileRef = 736A1C252764DC100049B882 /* TimePointApp.swift */; };
		736A1C282764DC100049B882 /* RootView.swift in Sources */ = {isa = PBXBuildFile; fileRef = 736A1C272764DC100049B882 /* RootView.swift */; };
		736A1C2A2764DC110049B882 /* Assets.xcassets in Resources */ = {isa = PBXBuildFile; fileRef = 736A1C292764DC110049B882 /* Assets.xcassets */; };
		736A1C2D2764DC110049B882 /* Preview Assets.xcassets in Resources */ = {isa = PBXBuildFile; fileRef = 736A1C2C2764DC110049B882 /* Preview Assets.xcassets */; };
/* End PBXBuildFile section */

/* Begin PBXFileReference section */
		730D4A212765A1D800A9968E /* HomeScreen.swift */ = {isa = PBXFileReference; lastKnownFileType = sourcecode.swift; path = HomeScreen.swift; sourceTree = "<group>"; };
		730D4A232765A21B00A9968E /* SettingsScreen.swift */ = {isa = PBXFileReference; lastKnownFileType = sourcecode.swift; path = SettingsScreen.swift; sourceTree = "<group>"; };
		730D4A2D2765EE6C00A9968E /* TabBarIcon.swift */ = {isa = PBXFileReference; lastKnownFileType = sourcecode.swift; path = TabBarIcon.swift; sourceTree = "<group>"; };
		730D4A3127660BDF00A9968E /* ViewRouter.swift */ = {isa = PBXFileReference; lastKnownFileType = sourcecode.swift; path = ViewRouter.swift; sourceTree = "<group>"; };
		736A1C222764DC100049B882 /* TimePoint.app */ = {isa = PBXFileReference; explicitFileType = wrapper.application; includeInIndex = 0; path = TimePoint.app; sourceTree = BUILT_PRODUCTS_DIR; };
		736A1C252764DC100049B882 /* TimePointApp.swift */ = {isa = PBXFileReference; lastKnownFileType = sourcecode.swift; path = TimePointApp.swift; sourceTree = "<group>"; };
		736A1C272764DC100049B882 /* RootView.swift */ = {isa = PBXFileReference; lastKnownFileType = sourcecode.swift; path = RootView.swift; sourceTree = "<group>"; };
		736A1C292764DC110049B882 /* Assets.xcassets */ = {isa = PBXFileReference; lastKnownFileType = folder.assetcatalog; path = Assets.xcassets; sourceTree = "<group>"; };
		736A1C2C2764DC110049B882 /* Preview Assets.xcassets */ = {isa = PBXFileReference; lastKnownFileType = folder.assetcatalog; path = "Preview Assets.xcassets"; sourceTree = "<group>"; };
/* End PBXFileReference section */

/* Begin PBXFrameworksBuildPhase section */
		736A1C1F2764DC100049B882 /* Frameworks */ = {
			isa = PBXFrameworksBuildPhase;
			buildActionMask = 2147483647;
			files = (
			);
			runOnlyForDeploymentPostprocessing = 0;
		};
/* End PBXFrameworksBuildPhase section */

/* Begin PBXGroup section */
		730D4A1F2765A1B900A9968E /* Views */ = {
			isa = PBXGroup;
			children = (
				730D4A2D2765EE6C00A9968E /* TabBarIcon.swift */,
			);
			path = Views;
			sourceTree = "<group>";
		};
		730D4A202765A1C900A9968E /* Screens */ = {
			isa = PBXGroup;
			children = (
				730D4A212765A1D800A9968E /* HomeScreen.swift */,
				730D4A232765A21B00A9968E /* SettingsScreen.swift */,
			);
			path = Screens;
			sourceTree = "<group>";
		};
		730D4A272765E8D900A9968E /* ViewModels */ = {
			isa = PBXGroup;
			children = (
				730D4A3127660BDF00A9968E /* ViewRouter.swift */,
			);
			path = ViewModels;
			sourceTree = "<group>";
		};
		730D4A282765E8E100A9968E /* Models */ = {
			isa = PBXGroup;
			children = (
			);
			path = Models;
			sourceTree = "<group>";
		};
		730D4A2B2765EDC800A9968E /* New Group */ = {
			isa = PBXGroup;
			children = (
			);
			path = "New Group";
			sourceTree = "<group>";
		};
		736A1C192764DC100049B882 = {
			isa = PBXGroup;
			children = (
				736A1C242764DC100049B882 /* TimePoint */,
				736A1C232764DC100049B882 /* Products */,
			);
			sourceTree = "<group>";
		};
		736A1C232764DC100049B882 /* Products */ = {
			isa = PBXGroup;
			children = (
				736A1C222764DC100049B882 /* TimePoint.app */,
			);
			name = Products;
			sourceTree = "<group>";
		};
		736A1C242764DC100049B882 /* TimePoint */ = {
			isa = PBXGroup;
			children = (
				730D4A2B2765EDC800A9968E /* New Group */,
				730D4A282765E8E100A9968E /* Models */,
				730D4A272765E8D900A9968E /* ViewModels */,
				730D4A202765A1C900A9968E /* Screens */,
				730D4A1F2765A1B900A9968E /* Views */,
				736A1C252764DC100049B882 /* TimePointApp.swift */,
				736A1C272764DC100049B882 /* RootView.swift */,
				736A1C292764DC110049B882 /* Assets.xcassets */,
				736A1C2B2764DC110049B882 /* Preview Content */,
			);
			path = TimePoint;
			sourceTree = "<group>";
		};
		736A1C2B2764DC110049B882 /* Preview Content */ = {
			isa = PBXGroup;
			children = (
				736A1C2C2764DC110049B882 /* Preview Assets.xcassets */,
			);
			path = "Preview Content";
			sourceTree = "<group>";
		};
/* End PBXGroup section */

/* Begin PBXNativeTarget section */
		736A1C212764DC100049B882 /* TimePoint */ = {
			isa = PBXNativeTarget;
			buildConfigurationList = 736A1C302764DC110049B882 /* Build configuration list for PBXNativeTarget "TimePoint" */;
			buildPhases = (
				736A1C1E2764DC100049B882 /* Sources */,
				736A1C1F2764DC100049B882 /* Frameworks */,
				736A1C202764DC100049B882 /* Resources */,
			);
			buildRules = (
			);
			dependencies = (
			);
			name = TimePoint;
			productName = TimePoint;
			productReference = 736A1C222764DC100049B882 /* TimePoint.app */;
			productType = "com.apple.product-type.application";
		};
/* End PBXNativeTarget section */

/* Begin PBXProject section */
		736A1C1A2764DC100049B882 /* Project object */ = {
			isa = PBXProject;
			attributes = {
				BuildIndependentTargetsInParallel = 1;
				LastSwiftUpdateCheck = 1300;
				LastUpgradeCheck = 1300;
				TargetAttributes = {
					736A1C212764DC100049B882 = {
						CreatedOnToolsVersion = 13.0;
					};
				};
			};
			buildConfigurationList = 736A1C1D2764DC100049B882 /* Build configuration list for PBXProject "TimePoint" */;
			compatibilityVersion = "Xcode 13.0";
			developmentRegion = en;
			hasScannedForEncodings = 0;
			knownRegions = (
				en,
				Base,
			);
			mainGroup = 736A1C192764DC100049B882;
			productRefGroup = 736A1C232764DC100049B882 /* Products */;
			projectDirPath = "";
			projectRoot = "";
			targets = (
				736A1C212764DC100049B882 /* TimePoint */,
			);
		};
/* End PBXProject section */

/* Begin PBXResourcesBuildPhase section */
		736A1C202764DC100049B882 /* Resources */ = {
			isa = PBXResourcesBuildPhase;
			buildActionMask = 2147483647;
			files = (
				736A1C2D2764DC110049B882 /* Preview Assets.xcassets in Resources */,
				736A1C2A2764DC110049B882 /* Assets.xcassets in Resources */,
			);
			runOnlyForDeploymentPostprocessing = 0;
		};
/* End PBXResourcesBuildPhase section */

/* Begin PBXSourcesBuildPhase section */
		736A1C1E2764DC100049B882 /* Sources */ = {
			isa = PBXSourcesBuildPhase;
			buildActionMask = 2147483647;
			files = (
				730D4A242765A21B00A9968E /* SettingsScreen.swift in Sources */,
				736A1C282764DC100049B882 /* RootView.swift in Sources */,
				730D4A2E2765EE6C00A9968E /* TabBarIcon.swift in Sources */,
				730D4A3227660BDF00A9968E /* ViewRouter.swift in Sources */,
				736A1C262764DC100049B882 /* TimePointApp.swift in Sources */,
				730D4A222765A1D800A9968E /* HomeScreen.swift in Sources */,
			);
			runOnlyForDeploymentPostprocessing = 0;
		};
/* End PBXSourcesBuildPhase section */

/* Begin XCBuildConfiguration section */
		736A1C2E2764DC110049B882 /* Debug */ = {
			isa = XCBuildConfiguration;
			buildSettings = {
				ALWAYS_SEARCH_USER_PATHS = NO;
				CLANG_ANALYZER_NONNULL = YES;
				CLANG_ANALYZER_NUMBER_OBJECT_CONVERSION = YES_AGGRESSIVE;
				CLANG_CXX_LANGUAGE_STANDARD = "gnu++17";
				CLANG_CXX_LIBRARY = "libc++";
				CLANG_ENABLE_MODULES = YES;
				CLANG_ENABLE_OBJC_ARC = YES;
				CLANG_ENABLE_OBJC_WEAK = YES;
				CLANG_WARN_BLOCK_CAPTURE_AUTORELEASING = YES;
				CLANG_WARN_BOOL_CONVERSION = YES;
				CLANG_WARN_COMMA = YES;
				CLANG_WARN_CONSTANT_CONVERSION = YES;
				CLANG_WARN_DEPRECATED_OBJC_IMPLEMENTATIONS = YES;
				CLANG_WARN_DIRECT_OBJC_ISA_USAGE = YES_ERROR;
				CLANG_WARN_DOCUMENTATION_COMMENTS = YES;
				CLANG_WARN_EMPTY_BODY = YES;
				CLANG_WARN_ENUM_CONVERSION = YES;
				CLANG_WARN_INFINITE_RECURSION = YES;
				CLANG_WARN_INT_CONVERSION = YES;
				CLANG_WARN_NON_LITERAL_NULL_CONVERSION = YES;
				CLANG_WARN_OBJC_IMPLICIT_RETAIN_SELF = YES;
				CLANG_WARN_OBJC_LITERAL_CONVERSION = YES;
				CLANG_WARN_OBJC_ROOT_CLASS = YES_ERROR;
				CLANG_WARN_QUOTED_INCLUDE_IN_FRAMEWORK_HEADER = YES;
				CLANG_WARN_RANGE_LOOP_ANALYSIS = YES;
				CLANG_WARN_STRICT_PROTOTYPES = YES;
				CLANG_WARN_SUSPICIOUS_MOVE = YES;
				CLANG_WARN_UNGUARDED_AVAILABILITY = YES_AGGRESSIVE;
				CLANG_WARN_UNREACHABLE_CODE = YES;
				CLANG_WARN__DUPLICATE_METHOD_MATCH = YES;
				COPY_PHASE_STRIP = NO;
				DEBUG_INFORMATION_FORMAT = dwarf;
				ENABLE_STRICT_OBJC_MSGSEND = YES;
				ENABLE_TESTABILITY = YES;
				GCC_C_LANGUAGE_STANDARD = gnu11;
				GCC_DYNAMIC_NO_PIC = NO;
				GCC_NO_COMMON_BLOCKS = YES;
				GCC_OPTIMIZATION_LEVEL = 0;
				GCC_PREPROCESSOR_DEFINITIONS = (
					"DEBUG=1",
					"$(inherited)",
				);
				GCC_WARN_64_TO_32_BIT_CONVERSION = YES;
				GCC_WARN_ABOUT_RETURN_TYPE = YES_ERROR;
				GCC_WARN_UNDECLARED_SELECTOR = YES;
				GCC_WARN_UNINITIALIZED_AUTOS = YES_AGGRESSIVE;
				GCC_WARN_UNUSED_FUNCTION = YES;
				GCC_WARN_UNUSED_VARIABLE = YES;
				IPHONEOS_DEPLOYMENT_TARGET = 15.0;
				MTL_ENABLE_DEBUG_INFO = INCLUDE_SOURCE;
				MTL_FAST_MATH = YES;
				ONLY_ACTIVE_ARCH = YES;
				SDKROOT = iphoneos;
				SWIFT_ACTIVE_COMPILATION_CONDITIONS = DEBUG;
				SWIFT_OPTIMIZATION_LEVEL = "-Onone";
			};
			name = Debug;
		};
		736A1C2F2764DC110049B882 /* Release */ = {
			isa = XCBuildConfiguration;
			buildSettings = {
				ALWAYS_SEARCH_USER_PATHS = NO;
				CLANG_ANALYZER_NONNULL = YES;
				CLANG_ANALYZER_NUMBER_OBJECT_CONVERSION = YES_AGGRESSIVE;
				CLANG_CXX_LANGUAGE_STANDARD = "gnu++17";
				CLANG_CXX_LIBRARY = "libc++";
				CLANG_ENABLE_MODULES = YES;
				CLANG_ENABLE_OBJC_ARC = YES;
				CLANG_ENABLE_OBJC_WEAK = YES;
				CLANG_WARN_BLOCK_CAPTURE_AUTORELEASING = YES;
				CLANG_WARN_BOOL_CONVERSION = YES;
				CLANG_WARN_COMMA = YES;
				CLANG_WARN_CONSTANT_CONVERSION = YES;
				CLANG_WARN_DEPRECATED_OBJC_IMPLEMENTATIONS = YES;
				CLANG_WARN_DIRECT_OBJC_ISA_USAGE = YES_ERROR;
				CLANG_WARN_DOCUMENTATION_COMMENTS = YES;
				CLANG_WARN_EMPTY_BODY = YES;
				CLANG_WARN_ENUM_CONVERSION = YES;
				CLANG_WARN_INFINITE_RECURSION = YES;
				CLANG_WARN_INT_CONVERSION = YES;
				CLANG_WARN_NON_LITERAL_NULL_CONVERSION = YES;
				CLANG_WARN_OBJC_IMPLICIT_RETAIN_SELF = YES;
				CLANG_WARN_OBJC_LITERAL_CONVERSION = YES;
				CLANG_WARN_OBJC_ROOT_CLASS = YES_ERROR;
				CLANG_WARN_QUOTED_INCLUDE_IN_FRAMEWORK_HEADER = YES;
				CLANG_WARN_RANGE_LOOP_ANALYSIS = YES;
				CLANG_WARN_STRICT_PROTOTYPES = YES;
				CLANG_WARN_SUSPICIOUS_MOVE = YES;
				CLANG_WARN_UNGUARDED_AVAILABILITY = YES_AGGRESSIVE;
				CLANG_WARN_UNREACHABLE_CODE = YES;
				CLANG_WARN__DUPLICATE_METHOD_MATCH = YES;
				COPY_PHASE_STRIP = NO;
				DEBUG_INFORMATION_FORMAT = "dwarf-with-dsym";
				ENABLE_NS_ASSERTIONS = NO;
				ENABLE_STRICT_OBJC_MSGSEND = YES;
				GCC_C_LANGUAGE_STANDARD = gnu11;
				GCC_NO_COMMON_BLOCKS = YES;
				GCC_WARN_64_TO_32_BIT_CONVERSION = YES;
				GCC_WARN_ABOUT_RETURN_TYPE = YES_ERROR;
				GCC_WARN_UNDECLARED_SELECTOR = YES;
				GCC_WARN_UNINITIALIZED_AUTOS = YES_AGGRESSIVE;
				GCC_WARN_UNUSED_FUNCTION = YES;
				GCC_WARN_UNUSED_VARIABLE = YES;
				IPHONEOS_DEPLOYMENT_TARGET = 15.0;
				MTL_ENABLE_DEBUG_INFO = NO;
				MTL_FAST_MATH = YES;
				SDKROOT = iphoneos;
				SWIFT_COMPILATION_MODE = wholemodule;
				SWIFT_OPTIMIZATION_LEVEL = "-O";
				VALIDATE_PRODUCT = YES;
			};
			name = Release;
		};
		736A1C312764DC110049B882 /* Debug */ = {
			isa = XCBuildConfiguration;
			buildSettings = {
				ASSETCATALOG_COMPILER_APPICON_NAME = AppIcon;
				ASSETCATALOG_COMPILER_GLOBAL_ACCENT_COLOR_NAME = AccentColor;
				CODE_SIGN_STYLE = Automatic;
				CURRENT_PROJECT_VERSION = 1;
				DEVELOPMENT_ASSET_PATHS = "\"TimePoint/Preview Content\"";
				DEVELOPMENT_TEAM = 7FFC72PZXD;
				ENABLE_PREVIEWS = YES;
				GENERATE_INFOPLIST_FILE = YES;
				INFOPLIST_KEY_UIApplicationSceneManifest_Generation = YES;
				INFOPLIST_KEY_UIApplicationSupportsIndirectInputEvents = YES;
				INFOPLIST_KEY_UILaunchScreen_Generation = YES;
				INFOPLIST_KEY_UISupportedInterfaceOrientations_iPad = "UIInterfaceOrientationPortrait UIInterfaceOrientationPortraitUpsideDown UIInterfaceOrientationLandscapeLeft UIInterfaceOrientationLandscapeRight";
				INFOPLIST_KEY_UISupportedInterfaceOrientations_iPhone = "UIInterfaceOrientationPortrait UIInterfaceOrientationLandscapeLeft UIInterfaceOrientationLandscapeRight";
				IPHONEOS_DEPLOYMENT_TARGET = 14.0;
				LD_RUNPATH_SEARCH_PATHS = (
					"$(inherited)",
					"@executable_path/Frameworks",
				);
				MARKETING_VERSION = 1.0;
				PRODUCT_BUNDLE_IDENTIFIER = me.jh.TimePoint;
				PRODUCT_NAME = "$(TARGET_NAME)";
				SWIFT_EMIT_LOC_STRINGS = YES;
				SWIFT_VERSION = 5.0;
				TARGETED_DEVICE_FAMILY = "1,2";
			};
			name = Debug;
		};
		736A1C322764DC110049B882 /* Release */ = {
			isa = XCBuildConfiguration;
			buildSettings = {
				ASSETCATALOG_COMPILER_APPICON_NAME = AppIcon;
				ASSETCATALOG_COMPILER_GLOBAL_ACCENT_COLOR_NAME = AccentColor;
				CODE_SIGN_STYLE = Automatic;
				CURRENT_PROJECT_VERSION = 1;
				DEVELOPMENT_ASSET_PATHS = "\"TimePoint/Preview Content\"";
				DEVELOPMENT_TEAM = 7FFC72PZXD;
				ENABLE_PREVIEWS = YES;
				GENERATE_INFOPLIST_FILE = YES;
				INFOPLIST_KEY_UIApplicationSceneManifest_Generation = YES;
				INFOPLIST_KEY_UIApplicationSupportsIndirectInputEvents = YES;
				INFOPLIST_KEY_UILaunchScreen_Generation = YES;
				INFOPLIST_KEY_UISupportedInterfaceOrientations_iPad = "UIInterfaceOrientationPortrait UIInterfaceOrientationPortraitUpsideDown UIInterfaceOrientationLandscapeLeft UIInterfaceOrientationLandscapeRight";
				INFOPLIST_KEY_UISupportedInterfaceOrientations_iPhone = "UIInterfaceOrientationPortrait UIInterfaceOrientationLandscapeLeft UIInterfaceOrientationLandscapeRight";
				IPHONEOS_DEPLOYMENT_TARGET = 14.0;
				LD_RUNPATH_SEARCH_PATHS = (
					"$(inherited)",
					"@executable_path/Frameworks",
				);
				MARKETING_VERSION = 1.0;
				PRODUCT_BUNDLE_IDENTIFIER = me.jh.TimePoint;
				PRODUCT_NAME = "$(TARGET_NAME)";
				SWIFT_EMIT_LOC_STRINGS = YES;
				SWIFT_VERSION = 5.0;
				TARGETED_DEVICE_FAMILY = "1,2";
			};
			name = Release;
		};
/* End XCBuildConfiguration section */

/* Begin XCConfigurationList section */
		736A1C1D2764DC100049B882 /* Build configuration list for PBXProject "TimePoint" */ = {
			isa = XCConfigurationList;
			buildConfigurations = (
				736A1C2E2764DC110049B882 /* Debug */,
				736A1C2F2764DC110049B882 /* Release */,
			);
			defaultConfigurationIsVisible = 0;
			defaultConfigurationName = Release;
		};
		736A1C302764DC110049B882 /* Build configuration list for PBXNativeTarget "TimePoint" */ = {
			isa = XCConfigurationList;
			buildConfigurations = (
				736A1C312764DC110049B882 /* Debug */,
				736A1C322764DC110049B882 /* Release */,
			);
			defaultConfigurationIsVisible = 0;
			defaultConfigurationName = Release;
		};
/* End XCConfigurationList section */
	};
	rootObject = 736A1C1A2764DC100049B882 /* Project object */;
}
